
Microsoft Visual Studio Solution File, Format Version 12.00
# Visual Studio Version 16
VisualStudioVersion = 16.0.31729.503
MinimumVisualStudioVersion = 10.0.40219.1
Project("{FAE04EC0-301F-11D3-BF4B-00C04F79EFBC}") = "Cat OS", "Cat OS\Cat OS.csproj", "{CDAA04C1-3BDB-4C5E-9067-2166BD030374}"
EndProject
Global
	GlobalSection(SolutionConfigurationPlatforms) = preSolution
		Debug|Any CPU = Debug|Any CPU
		Release|Any CPU = Release|Any CPU
	EndGlobalSection
	GlobalSection(ProjectConfigurationPlatforms) = postSolution
		{CDAA04C1-3BDB-4C5E-9067-2166BD030374}.Debug|Any CPU.ActiveCfg = Debug|Any CPU
		{CDAA04C1-3BDB-4C5E-9067-2166BD030374}.Debug|Any CPU.Build.0 = Debug|Any CPU
		{CDAA04C1-3BDB-4C5E-9067-2166BD030374}.Release|Any CPU.ActiveCfg = Release|Any CPU
		{CDAA04C1-3BDB-4C5E-9067-2166BD030374}.Release|Any CPU.Build.0 = Release|Any CPU
	EndGlobalSection
	GlobalSection(SolutionProperties) = preSolution
		HideSolutionNode = FALSE
	EndGlobalSection
	GlobalSection(ExtensibilityGlobals) = postSolution
		SolutionGuid = {DEB38896-E67F-48DA-8720-C9B1C5545F47}
	EndGlobalSection
EndGlobal
